
Microsoft Visual Studio Solution File, Format Version 12.00
# Visual Studio Version 17
VisualStudioVersion = 17.13.35931.197 d17.13
MinimumVisualStudioVersion = 10.0.40219.1
Project("{FAE04EC0-301F-11D3-BF4B-00C04F79EFBC}") = "LibraryInf.ConsoleApp", "LibraryInf.ConsoleApp.csproj", "{21FA43F8-4E66-4AD9-B5B7-D865D3764143}"
EndProject
Global
	GlobalSection(SolutionConfigurationPlatforms) = preSolution
		Debug|Any CPU = Debug|Any CPU
		Release|Any CPU = Release|Any CPU
	EndGlobalSection
	GlobalSection(ProjectConfigurationPlatforms) = postSolution
		{21FA43F8-4E66-4AD9-B5B7-D865D3764143}.Debug|Any CPU.ActiveCfg = Debug|Any CPU
		{21FA43F8-4E66-4AD9-B5B7-D865D3764143}.Debug|Any CPU.Build.0 = Debug|Any CPU
		{21FA43F8-4E66-4AD9-B5B7-D865D3764143}.Release|Any CPU.ActiveCfg = Release|Any CPU
		{21FA43F8-4E66-4AD9-B5B7-D865D3764143}.Release|Any CPU.Build.0 = Release|Any CPU
	EndGlobalSection
	GlobalSection(SolutionProperties) = preSolution
		HideSolutionNode = FALSE
	EndGlobalSection
	GlobalSection(ExtensibilityGlobals) = postSolution
		SolutionGuid = {06272E6B-D938-453A-B318-3E4C57ACD353}
	EndGlobalSection
EndGlobal
